
Microsoft Visual Studio Solution File, Format Version 12.00
# Visual Studio Version 16
VisualStudioVersion = 16.0.29418.71
MinimumVisualStudioVersion = 10.0.40219.1
Project("{9A19103F-16F7-4668-BE54-9A1E7A4F7556}") = "Laba-1", "Laba-1\Laba-1.csproj", "{7FD1D175-758B-4799-A66D-7B698E9425CF}"
EndProject
Project("{9A19103F-16F7-4668-BE54-9A1E7A4F7556}") = "Laba-2", "Laba-2\Laba_2\Laba-2.csproj", "{6A28685B-1ACC-473F-9EB5-F0BD81F56AF7}"
EndProject
Project("{FAE04EC0-301F-11D3-BF4B-00C04F79EFBC}") = "Laba-3", "Laba-3\FigureCollections\Laba-3.csproj", "{0CF196E6-77F4-40E0-83BA-B8C2BD08706C}"
EndProject
Project("{FAE04EC0-301F-11D3-BF4B-00C04F79EFBC}") = "Laba-6.1", "Laba-6\Laba-6.1\Delegates\Laba-6.1.csproj", "{D453F147-ACC8-4CEA-ADF9-BD2571EB9BCA}"
EndProject
Project("{FAE04EC0-301F-11D3-BF4B-00C04F79EFBC}") = "Laba-6.2", "Laba-6\Laba-6.2\Reflection\Laba-6.2.csproj", "{667684DA-3988-4080-B6F2-F0A84DFBD070}"
EndProject
Global
	GlobalSection(SolutionConfigurationPlatforms) = preSolution
		Debug|Any CPU = Debug|Any CPU
		Release|Any CPU = Release|Any CPU
	EndGlobalSection
	GlobalSection(ProjectConfigurationPlatforms) = postSolution
		{7FD1D175-758B-4799-A66D-7B698E9425CF}.Debug|Any CPU.ActiveCfg = Debug|Any CPU
		{7FD1D175-758B-4799-A66D-7B698E9425CF}.Debug|Any CPU.Build.0 = Debug|Any CPU
		{7FD1D175-758B-4799-A66D-7B698E9425CF}.Release|Any CPU.ActiveCfg = Release|Any CPU
		{7FD1D175-758B-4799-A66D-7B698E9425CF}.Release|Any CPU.Build.0 = Release|Any CPU
		{6A28685B-1ACC-473F-9EB5-F0BD81F56AF7}.Debug|Any CPU.ActiveCfg = Debug|Any CPU
		{6A28685B-1ACC-473F-9EB5-F0BD81F56AF7}.Debug|Any CPU.Build.0 = Debug|Any CPU
		{6A28685B-1ACC-473F-9EB5-F0BD81F56AF7}.Release|Any CPU.ActiveCfg = Release|Any CPU
		{6A28685B-1ACC-473F-9EB5-F0BD81F56AF7}.Release|Any CPU.Build.0 = Release|Any CPU
		{0CF196E6-77F4-40E0-83BA-B8C2BD08706C}.Debug|Any CPU.ActiveCfg = Debug|Any CPU
		{0CF196E6-77F4-40E0-83BA-B8C2BD08706C}.Debug|Any CPU.Build.0 = Debug|Any CPU
		{0CF196E6-77F4-40E0-83BA-B8C2BD08706C}.Release|Any CPU.ActiveCfg = Release|Any CPU
		{0CF196E6-77F4-40E0-83BA-B8C2BD08706C}.Release|Any CPU.Build.0 = Release|Any CPU
		{D453F147-ACC8-4CEA-ADF9-BD2571EB9BCA}.Debug|Any CPU.ActiveCfg = Debug|Any CPU
		{D453F147-ACC8-4CEA-ADF9-BD2571EB9BCA}.Debug|Any CPU.Build.0 = Debug|Any CPU
		{D453F147-ACC8-4CEA-ADF9-BD2571EB9BCA}.Release|Any CPU.ActiveCfg = Release|Any CPU
		{D453F147-ACC8-4CEA-ADF9-BD2571EB9BCA}.Release|Any CPU.Build.0 = Release|Any CPU
		{667684DA-3988-4080-B6F2-F0A84DFBD070}.Debug|Any CPU.ActiveCfg = Debug|Any CPU
		{667684DA-3988-4080-B6F2-F0A84DFBD070}.Debug|Any CPU.Build.0 = Debug|Any CPU
		{667684DA-3988-4080-B6F2-F0A84DFBD070}.Release|Any CPU.ActiveCfg = Release|Any CPU
		{667684DA-3988-4080-B6F2-F0A84DFBD070}.Release|Any CPU.Build.0 = Release|Any CPU
	EndGlobalSection
	GlobalSection(SolutionProperties) = preSolution
		HideSolutionNode = FALSE
	EndGlobalSection
	GlobalSection(ExtensibilityGlobals) = postSolution
		SolutionGuid = {3D6E8259-FAF1-452B-9F62-DEF2CEBB7EDD}
	EndGlobalSection
EndGlobal
